
Microsoft Visual Studio Solution File, Format Version 12.00
# Visual Studio Version 16
VisualStudioVersion = 16.0.30104.148
MinimumVisualStudioVersion = 10.0.40219.1
Project("{9A19103F-16F7-4668-BE54-9A1E7A4F7556}") = "HigherLogics.Optimization", "HigherLogics.Optimization\HigherLogics.Optimization.csproj", "{FA360FF6-6830-4376-B20E-DF3E116164BA}"
EndProject
Project("{9A19103F-16F7-4668-BE54-9A1E7A4F7556}") = "HigherLogics.Optimization.Tests", "HigherLogics.Optimization.Tests\HigherLogics.Optimization.Tests.csproj", "{48BDAA88-4751-468F-B37A-C3365C538E67}"
EndProject
Project("{9A19103F-16F7-4668-BE54-9A1E7A4F7556}") = "HigherLogics.Algebra", "..\HigherLogics.Algebra\HigherLogics.Algebra\HigherLogics.Algebra.csproj", "{2DF20FCE-3420-459F-9D97-9273CD95B11B}"
EndProject
Global
	GlobalSection(SolutionConfigurationPlatforms) = preSolution
		Debug|Any CPU = Debug|Any CPU
		Release|Any CPU = Release|Any CPU
	EndGlobalSection
	GlobalSection(ProjectConfigurationPlatforms) = postSolution
		{FA360FF6-6830-4376-B20E-DF3E116164BA}.Debug|Any CPU.ActiveCfg = Debug|Any CPU
		{FA360FF6-6830-4376-B20E-DF3E116164BA}.Debug|Any CPU.Build.0 = Debug|Any CPU
		{FA360FF6-6830-4376-B20E-DF3E116164BA}.Release|Any CPU.ActiveCfg = Release|Any CPU
		{FA360FF6-6830-4376-B20E-DF3E116164BA}.Release|Any CPU.Build.0 = Release|Any CPU
		{48BDAA88-4751-468F-B37A-C3365C538E67}.Debug|Any CPU.ActiveCfg = Debug|Any CPU
		{48BDAA88-4751-468F-B37A-C3365C538E67}.Debug|Any CPU.Build.0 = Debug|Any CPU
		{48BDAA88-4751-468F-B37A-C3365C538E67}.Release|Any CPU.ActiveCfg = Release|Any CPU
		{48BDAA88-4751-468F-B37A-C3365C538E67}.Release|Any CPU.Build.0 = Release|Any CPU
		{2DF20FCE-3420-459F-9D97-9273CD95B11B}.Debug|Any CPU.ActiveCfg = Debug|Any CPU
		{2DF20FCE-3420-459F-9D97-9273CD95B11B}.Debug|Any CPU.Build.0 = Debug|Any CPU
		{2DF20FCE-3420-459F-9D97-9273CD95B11B}.Release|Any CPU.ActiveCfg = Release|Any CPU
		{2DF20FCE-3420-459F-9D97-9273CD95B11B}.Release|Any CPU.Build.0 = Release|Any CPU
	EndGlobalSection
	GlobalSection(SolutionProperties) = preSolution
		HideSolutionNode = FALSE
	EndGlobalSection
	GlobalSection(ExtensibilityGlobals) = postSolution
		SolutionGuid = {86A07855-257F-4202-B09E-AA403685A68A}
	EndGlobalSection
EndGlobal
